
Microsoft Visual Studio Solution File, Format Version 12.00
# Visual Studio 15
VisualStudioVersion = 15.0.28307.106
MinimumVisualStudioVersion = 10.0.40219.1
Project("{FAE04EC0-301F-11D3-BF4B-00C04F79EFBC}") = "Schronisko", "Schronisko\Schronisko.csproj", "{71AD477B-B60D-4406-9342-1853A719E09C}"
EndProject
Global
	GlobalSection(SolutionConfigurationPlatforms) = preSolution
		Debug|Any CPU = Debug|Any CPU
		Release|Any CPU = Release|Any CPU
	EndGlobalSection
	GlobalSection(ProjectConfigurationPlatforms) = postSolution
		{71AD477B-B60D-4406-9342-1853A719E09C}.Debug|Any CPU.ActiveCfg = Debug|Any CPU
		{71AD477B-B60D-4406-9342-1853A719E09C}.Debug|Any CPU.Build.0 = Debug|Any CPU
		{71AD477B-B60D-4406-9342-1853A719E09C}.Release|Any CPU.ActiveCfg = Release|Any CPU
		{71AD477B-B60D-4406-9342-1853A719E09C}.Release|Any CPU.Build.0 = Release|Any CPU
	EndGlobalSection
	GlobalSection(SolutionProperties) = preSolution
		HideSolutionNode = FALSE
	EndGlobalSection
	GlobalSection(ExtensibilityGlobals) = postSolution
		SolutionGuid = {FEC91B05-B00A-48CF-8D82-93A618AFA943}
	EndGlobalSection
EndGlobal
